// !$*UTF8*$!
{
	archiveVersion = 1;
	classes = {
	};
	objectVersion = 55;
	objects = {

/* Begin PBXBuildFile section */
		A5F453A227B0298E00A9DE00 /* AppDelegate.swift in Sources */ = {isa = PBXBuildFile; fileRef = A5F453A127B0298E00A9DE00 /* AppDelegate.swift */; };
		A5F453A427B0298E00A9DE00 /* SceneDelegate.swift in Sources */ = {isa = PBXBuildFile; fileRef = A5F453A327B0298E00A9DE00 /* SceneDelegate.swift */; };
		A5F453AB27B0299100A9DE00 /* Assets.xcassets in Resources */ = {isa = PBXBuildFile; fileRef = A5F453AA27B0299100A9DE00 /* Assets.xcassets */; };
		A5F453AE27B0299100A9DE00 /* LaunchScreen.storyboard in Resources */ = {isa = PBXBuildFile; fileRef = A5F453AC27B0299100A9DE00 /* LaunchScreen.storyboard */; };
		A5F453B627B0361B00A9DE00 /* ContactListView.swift in Sources */ = {isa = PBXBuildFile; fileRef = A5F453B527B0361B00A9DE00 /* ContactListView.swift */; };
		A5F453BC27B03BE900A9DE00 /* AccountCell.swift in Sources */ = {isa = PBXBuildFile; fileRef = A5F453BB27B03BE900A9DE00 /* AccountCell.swift */; };
		A5F453BE27B03BF000A9DE00 /* AccountModel.swift in Sources */ = {isa = PBXBuildFile; fileRef = A5F453BD27B03BF000A9DE00 /* AccountModel.swift */; };
		A5F453C027B03BFC00A9DE00 /* ContactListDataSource.swift in Sources */ = {isa = PBXBuildFile; fileRef = A5F453BF27B03BFC00A9DE00 /* ContactListDataSource.swift */; };
		A5F453C227B03ED800A9DE00 /* ContactDetailView.swift in Sources */ = {isa = PBXBuildFile; fileRef = A5F453C127B03ED800A9DE00 /* ContactDetailView.swift */; };
		A5F453C427B03FB300A9DE00 /* ContactDetailDataSource.swift in Sources */ = {isa = PBXBuildFile; fileRef = A5F453C327B03FB300A9DE00 /* ContactDetailDataSource.swift */; };
		A5F453C627B0403D00A9DE00 /* PropertyModel.swift in Sources */ = {isa = PBXBuildFile; fileRef = A5F453C527B0403D00A9DE00 /* PropertyModel.swift */; };
		A5F453C827B040DA00A9DE00 /* PropertyCell.swift in Sources */ = {isa = PBXBuildFile; fileRef = A5F453C727B040DA00A9DE00 /* PropertyCell.swift */; };
		A5F453CD27B044A800A9DE00 /* ContactListPresenter.swift in Sources */ = {isa = PBXBuildFile; fileRef = A5F453CC27B044A800A9DE00 /* ContactListPresenter.swift */; };
		A5F453CF27B044B200A9DE00 /* ContactListRouter.swift in Sources */ = {isa = PBXBuildFile; fileRef = A5F453CE27B044B200A9DE00 /* ContactListRouter.swift */; };
		A5F453D127B044BB00A9DE00 /* ContactListAssembly.swift in Sources */ = {isa = PBXBuildFile; fileRef = A5F453D027B044BB00A9DE00 /* ContactListAssembly.swift */; };
		A5F453D327B0471700A9DE00 /* ContactDetailAssembly.swift in Sources */ = {isa = PBXBuildFile; fileRef = A5F453D227B0471700A9DE00 /* ContactDetailAssembly.swift */; };
		A5F453D527B04BEC00A9DE00 /* ContactDetailPresenter.swift in Sources */ = {isa = PBXBuildFile; fileRef = A5F453D427B04BEC00A9DE00 /* ContactDetailPresenter.swift */; };
/* End PBXBuildFile section */

/* Begin PBXFileReference section */
		A5F4539E27B0298E00A9DE00 /* ContactList.app */ = {isa = PBXFileReference; explicitFileType = wrapper.application; includeInIndex = 0; path = ContactList.app; sourceTree = BUILT_PRODUCTS_DIR; };
		A5F453A127B0298E00A9DE00 /* AppDelegate.swift */ = {isa = PBXFileReference; lastKnownFileType = sourcecode.swift; path = AppDelegate.swift; sourceTree = "<group>"; };
		A5F453A327B0298E00A9DE00 /* SceneDelegate.swift */ = {isa = PBXFileReference; lastKnownFileType = sourcecode.swift; path = SceneDelegate.swift; sourceTree = "<group>"; };
		A5F453AA27B0299100A9DE00 /* Assets.xcassets */ = {isa = PBXFileReference; lastKnownFileType = folder.assetcatalog; path = Assets.xcassets; sourceTree = "<group>"; };
		A5F453AD27B0299100A9DE00 /* Base */ = {isa = PBXFileReference; lastKnownFileType = file.storyboard; name = Base; path = Base.lproj/LaunchScreen.storyboard; sourceTree = "<group>"; };
		A5F453AF27B0299100A9DE00 /* Info.plist */ = {isa = PBXFileReference; lastKnownFileType = text.plist.xml; path = Info.plist; sourceTree = "<group>"; };
		A5F453B527B0361B00A9DE00 /* ContactListView.swift */ = {isa = PBXFileReference; lastKnownFileType = sourcecode.swift; path = ContactListView.swift; sourceTree = "<group>"; };
		A5F453BB27B03BE900A9DE00 /* AccountCell.swift */ = {isa = PBXFileReference; fileEncoding = 4; lastKnownFileType = sourcecode.swift; path = AccountCell.swift; sourceTree = "<group>"; };
		A5F453BD27B03BF000A9DE00 /* AccountModel.swift */ = {isa = PBXFileReference; fileEncoding = 4; lastKnownFileType = sourcecode.swift; path = AccountModel.swift; sourceTree = "<group>"; };
		A5F453BF27B03BFC00A9DE00 /* ContactListDataSource.swift */ = {isa = PBXFileReference; fileEncoding = 4; lastKnownFileType = sourcecode.swift; path = ContactListDataSource.swift; sourceTree = "<group>"; };
		A5F453C127B03ED800A9DE00 /* ContactDetailView.swift */ = {isa = PBXFileReference; lastKnownFileType = sourcecode.swift; path = ContactDetailView.swift; sourceTree = "<group>"; };
		A5F453C327B03FB300A9DE00 /* ContactDetailDataSource.swift */ = {isa = PBXFileReference; lastKnownFileType = sourcecode.swift; path = ContactDetailDataSource.swift; sourceTree = "<group>"; };
		A5F453C527B0403D00A9DE00 /* PropertyModel.swift */ = {isa = PBXFileReference; lastKnownFileType = sourcecode.swift; path = PropertyModel.swift; sourceTree = "<group>"; };
		A5F453C727B040DA00A9DE00 /* PropertyCell.swift */ = {isa = PBXFileReference; lastKnownFileType = sourcecode.swift; path = PropertyCell.swift; sourceTree = "<group>"; };
		A5F453CC27B044A800A9DE00 /* ContactListPresenter.swift */ = {isa = PBXFileReference; lastKnownFileType = sourcecode.swift; path = ContactListPresenter.swift; sourceTree = "<group>"; };
		A5F453CE27B044B200A9DE00 /* ContactListRouter.swift */ = {isa = PBXFileReference; lastKnownFileType = sourcecode.swift; path = ContactListRouter.swift; sourceTree = "<group>"; };
		A5F453D027B044BB00A9DE00 /* ContactListAssembly.swift */ = {isa = PBXFileReference; lastKnownFileType = sourcecode.swift; path = ContactListAssembly.swift; sourceTree = "<group>"; };
		A5F453D227B0471700A9DE00 /* ContactDetailAssembly.swift */ = {isa = PBXFileReference; lastKnownFileType = sourcecode.swift; path = ContactDetailAssembly.swift; sourceTree = "<group>"; };
		A5F453D427B04BEC00A9DE00 /* ContactDetailPresenter.swift */ = {isa = PBXFileReference; lastKnownFileType = sourcecode.swift; path = ContactDetailPresenter.swift; sourceTree = "<group>"; };
/* End PBXFileReference section */

/* Begin PBXFrameworksBuildPhase section */
		A5F4539B27B0298E00A9DE00 /* Frameworks */ = {
			isa = PBXFrameworksBuildPhase;
			buildActionMask = 2147483647;
			files = (
			);
			runOnlyForDeploymentPostprocessing = 0;
		};
/* End PBXFrameworksBuildPhase section */

/* Begin PBXGroup section */
		A5F4539527B0298E00A9DE00 = {
			isa = PBXGroup;
			children = (
				A5F453A027B0298E00A9DE00 /* ContactList */,
				A5F4539F27B0298E00A9DE00 /* Products */,
			);
			sourceTree = "<group>";
		};
		A5F4539F27B0298E00A9DE00 /* Products */ = {
			isa = PBXGroup;
			children = (
				A5F4539E27B0298E00A9DE00 /* ContactList.app */,
			);
			name = Products;
			sourceTree = "<group>";
		};
		A5F453A027B0298E00A9DE00 /* ContactList */ = {
			isa = PBXGroup;
			children = (
				A5F453CB27B0429B00A9DE00 /* SupportingFiles */,
				A5F453CA27B0428D00A9DE00 /* ContactDetail */,
				A5F453C927B0426E00A9DE00 /* ContactList */,
			);
			path = ContactList;
			sourceTree = "<group>";
		};
		A5F453C927B0426E00A9DE00 /* ContactList */ = {
			isa = PBXGroup;
			children = (
				A5F453BF27B03BFC00A9DE00 /* ContactListDataSource.swift */,
				A5F453BD27B03BF000A9DE00 /* AccountModel.swift */,
				A5F453B527B0361B00A9DE00 /* ContactListView.swift */,
				A5F453BB27B03BE900A9DE00 /* AccountCell.swift */,
				A5F453CC27B044A800A9DE00 /* ContactListPresenter.swift */,
				A5F453CE27B044B200A9DE00 /* ContactListRouter.swift */,
				A5F453D027B044BB00A9DE00 /* ContactListAssembly.swift */,
			);
			path = ContactList;
			sourceTree = "<group>";
		};
		A5F453CA27B0428D00A9DE00 /* ContactDetail */ = {
			isa = PBXGroup;
			children = (
				A5F453C727B040DA00A9DE00 /* PropertyCell.swift */,
				A5F453C527B0403D00A9DE00 /* PropertyModel.swift */,
				A5F453D227B0471700A9DE00 /* ContactDetailAssembly.swift */,
				A5F453C327B03FB300A9DE00 /* ContactDetailDataSource.swift */,
				A5F453D427B04BEC00A9DE00 /* ContactDetailPresenter.swift */,
				A5F453C127B03ED800A9DE00 /* ContactDetailView.swift */,
			);
			path = ContactDetail;
			sourceTree = "<group>";
		};
		A5F453CB27B0429B00A9DE00 /* SupportingFiles */ = {
			isa = PBXGroup;
			children = (
				A5F453A327B0298E00A9DE00 /* SceneDelegate.swift */,
				A5F453AA27B0299100A9DE00 /* Assets.xcassets */,
				A5F453AC27B0299100A9DE00 /* LaunchScreen.storyboard */,
				A5F453AF27B0299100A9DE00 /* Info.plist */,
				A5F453A127B0298E00A9DE00 /* AppDelegate.swift */,
			);
			path = SupportingFiles;
			sourceTree = "<group>";
		};
/* End PBXGroup section */

/* Begin PBXNativeTarget section */
		A5F4539D27B0298E00A9DE00 /* ContactList */ = {
			isa = PBXNativeTarget;
			buildConfigurationList = A5F453B227B0299100A9DE00 /* Build configuration list for PBXNativeTarget "ContactList" */;
			buildPhases = (
				A5F4539A27B0298E00A9DE00 /* Sources */,
				A5F4539B27B0298E00A9DE00 /* Frameworks */,
				A5F4539C27B0298E00A9DE00 /* Resources */,
			);
			buildRules = (
			);
			dependencies = (
			);
			name = ContactList;
			productName = ContactList;
			productReference = A5F4539E27B0298E00A9DE00 /* ContactList.app */;
			productType = "com.apple.product-type.application";
		};
/* End PBXNativeTarget section */

/* Begin PBXProject section */
		A5F4539627B0298E00A9DE00 /* Project object */ = {
			isa = PBXProject;
			attributes = {
				BuildIndependentTargetsInParallel = 1;
				LastSwiftUpdateCheck = 1310;
				LastUpgradeCheck = 1310;
				TargetAttributes = {
					A5F4539D27B0298E00A9DE00 = {
						CreatedOnToolsVersion = 13.1;
					};
				};
			};
			buildConfigurationList = A5F4539927B0298E00A9DE00 /* Build configuration list for PBXProject "ContactList" */;
			compatibilityVersion = "Xcode 13.0";
			developmentRegion = en;
			hasScannedForEncodings = 0;
			knownRegions = (
				en,
				Base,
			);
			mainGroup = A5F4539527B0298E00A9DE00;
			productRefGroup = A5F4539F27B0298E00A9DE00 /* Products */;
			projectDirPath = "";
			projectRoot = "";
			targets = (
				A5F4539D27B0298E00A9DE00 /* ContactList */,
			);
		};
/* End PBXProject section */

/* Begin PBXResourcesBuildPhase section */
		A5F4539C27B0298E00A9DE00 /* Resources */ = {
			isa = PBXResourcesBuildPhase;
			buildActionMask = 2147483647;
			files = (
				A5F453AE27B0299100A9DE00 /* LaunchScreen.storyboard in Resources */,
				A5F453AB27B0299100A9DE00 /* Assets.xcassets in Resources */,
			);
			runOnlyForDeploymentPostprocessing = 0;
		};
/* End PBXResourcesBuildPhase section */

/* Begin PBXSourcesBuildPhase section */
		A5F4539A27B0298E00A9DE00 /* Sources */ = {
			isa = PBXSourcesBuildPhase;
			buildActionMask = 2147483647;
			files = (
				A5F453C827B040DA00A9DE00 /* PropertyCell.swift in Sources */,
				A5F453CD27B044A800A9DE00 /* ContactListPresenter.swift in Sources */,
				A5F453C227B03ED800A9DE00 /* ContactDetailView.swift in Sources */,
				A5F453C627B0403D00A9DE00 /* PropertyModel.swift in Sources */,
				A5F453C027B03BFC00A9DE00 /* ContactListDataSource.swift in Sources */,
				A5F453D327B0471700A9DE00 /* ContactDetailAssembly.swift in Sources */,
				A5F453C427B03FB300A9DE00 /* ContactDetailDataSource.swift in Sources */,
				A5F453D127B044BB00A9DE00 /* ContactListAssembly.swift in Sources */,
				A5F453BE27B03BF000A9DE00 /* AccountModel.swift in Sources */,
				A5F453B627B0361B00A9DE00 /* ContactListView.swift in Sources */,
				A5F453BC27B03BE900A9DE00 /* AccountCell.swift in Sources */,
				A5F453A227B0298E00A9DE00 /* AppDelegate.swift in Sources */,
				A5F453A427B0298E00A9DE00 /* SceneDelegate.swift in Sources */,
				A5F453CF27B044B200A9DE00 /* ContactListRouter.swift in Sources */,
				A5F453D527B04BEC00A9DE00 /* ContactDetailPresenter.swift in Sources */,
			);
			runOnlyForDeploymentPostprocessing = 0;
		};
/* End PBXSourcesBuildPhase section */

/* Begin PBXVariantGroup section */
		A5F453AC27B0299100A9DE00 /* LaunchScreen.storyboard */ = {
			isa = PBXVariantGroup;
			children = (
				A5F453AD27B0299100A9DE00 /* Base */,
			);
			name = LaunchScreen.storyboard;
			sourceTree = "<group>";
		};
/* End PBXVariantGroup section */

/* Begin XCBuildConfiguration section */
		A5F453B027B0299100A9DE00 /* Debug */ = {
			isa = XCBuildConfiguration;
			buildSettings = {
				ALWAYS_SEARCH_USER_PATHS = NO;
				CLANG_ANALYZER_NONNULL = YES;
				CLANG_ANALYZER_NUMBER_OBJECT_CONVERSION = YES_AGGRESSIVE;
				CLANG_CXX_LANGUAGE_STANDARD = "gnu++17";
				CLANG_CXX_LIBRARY = "libc++";
				CLANG_ENABLE_MODULES = YES;
				CLANG_ENABLE_OBJC_ARC = YES;
				CLANG_ENABLE_OBJC_WEAK = YES;
				CLANG_WARN_BLOCK_CAPTURE_AUTORELEASING = YES;
				CLANG_WARN_BOOL_CONVERSION = YES;
				CLANG_WARN_COMMA = YES;
				CLANG_WARN_CONSTANT_CONVERSION = YES;
				CLANG_WARN_DEPRECATED_OBJC_IMPLEMENTATIONS = YES;
				CLANG_WARN_DIRECT_OBJC_ISA_USAGE = YES_ERROR;
				CLANG_WARN_DOCUMENTATION_COMMENTS = YES;
				CLANG_WARN_EMPTY_BODY = YES;
				CLANG_WARN_ENUM_CONVERSION = YES;
				CLANG_WARN_INFINITE_RECURSION = YES;
				CLANG_WARN_INT_CONVERSION = YES;
				CLANG_WARN_NON_LITERAL_NULL_CONVERSION = YES;
				CLANG_WARN_OBJC_IMPLICIT_RETAIN_SELF = YES;
				CLANG_WARN_OBJC_LITERAL_CONVERSION = YES;
				CLANG_WARN_OBJC_ROOT_CLASS = YES_ERROR;
				CLANG_WARN_QUOTED_INCLUDE_IN_FRAMEWORK_HEADER = YES;
				CLANG_WARN_RANGE_LOOP_ANALYSIS = YES;
				CLANG_WARN_STRICT_PROTOTYPES = YES;
				CLANG_WARN_SUSPICIOUS_MOVE = YES;
				CLANG_WARN_UNGUARDED_AVAILABILITY = YES_AGGRESSIVE;
				CLANG_WARN_UNREACHABLE_CODE = YES;
				CLANG_WARN__DUPLICATE_METHOD_MATCH = YES;
				COPY_PHASE_STRIP = NO;
				DEBUG_INFORMATION_FORMAT = dwarf;
				ENABLE_STRICT_OBJC_MSGSEND = YES;
				ENABLE_TESTABILITY = YES;
				GCC_C_LANGUAGE_STANDARD = gnu11;
				GCC_DYNAMIC_NO_PIC = NO;
				GCC_NO_COMMON_BLOCKS = YES;
				GCC_OPTIMIZATION_LEVEL = 0;
				GCC_PREPROCESSOR_DEFINITIONS = (
					"DEBUG=1",
					"$(inherited)",
				);
				GCC_WARN_64_TO_32_BIT_CONVERSION = YES;
				GCC_WARN_ABOUT_RETURN_TYPE = YES_ERROR;
				GCC_WARN_UNDECLARED_SELECTOR = YES;
				GCC_WARN_UNINITIALIZED_AUTOS = YES_AGGRESSIVE;
				GCC_WARN_UNUSED_FUNCTION = YES;
				GCC_WARN_UNUSED_VARIABLE = YES;
				IPHONEOS_DEPLOYMENT_TARGET = 15.0;
				MTL_ENABLE_DEBUG_INFO = INCLUDE_SOURCE;
				MTL_FAST_MATH = YES;
				ONLY_ACTIVE_ARCH = YES;
				SDKROOT = iphoneos;
				SWIFT_ACTIVE_COMPILATION_CONDITIONS = DEBUG;
				SWIFT_OPTIMIZATION_LEVEL = "-Onone";
			};
			name = Debug;
		};
		A5F453B127B0299100A9DE00 /* Release */ = {
			isa = XCBuildConfiguration;
			buildSettings = {
				ALWAYS_SEARCH_USER_PATHS = NO;
				CLANG_ANALYZER_NONNULL = YES;
				CLANG_ANALYZER_NUMBER_OBJECT_CONVERSION = YES_AGGRESSIVE;
				CLANG_CXX_LANGUAGE_STANDARD = "gnu++17";
				CLANG_CXX_LIBRARY = "libc++";
				CLANG_ENABLE_MODULES = YES;
				CLANG_ENABLE_OBJC_ARC = YES;
				CLANG_ENABLE_OBJC_WEAK = YES;
				CLANG_WARN_BLOCK_CAPTURE_AUTORELEASING = YES;
				CLANG_WARN_BOOL_CONVERSION = YES;
				CLANG_WARN_COMMA = YES;
				CLANG_WARN_CONSTANT_CONVERSION = YES;
				CLANG_WARN_DEPRECATED_OBJC_IMPLEMENTATIONS = YES;
				CLANG_WARN_DIRECT_OBJC_ISA_USAGE = YES_ERROR;
				CLANG_WARN_DOCUMENTATION_COMMENTS = YES;
				CLANG_WARN_EMPTY_BODY = YES;
				CLANG_WARN_ENUM_CONVERSION = YES;
				CLANG_WARN_INFINITE_RECURSION = YES;
				CLANG_WARN_INT_CONVERSION = YES;
				CLANG_WARN_NON_LITERAL_NULL_CONVERSION = YES;
				CLANG_WARN_OBJC_IMPLICIT_RETAIN_SELF = YES;
				CLANG_WARN_OBJC_LITERAL_CONVERSION = YES;
				CLANG_WARN_OBJC_ROOT_CLASS = YES_ERROR;
				CLANG_WARN_QUOTED_INCLUDE_IN_FRAMEWORK_HEADER = YES;
				CLANG_WARN_RANGE_LOOP_ANALYSIS = YES;
				CLANG_WARN_STRICT_PROTOTYPES = YES;
				CLANG_WARN_SUSPICIOUS_MOVE = YES;
				CLANG_WARN_UNGUARDED_AVAILABILITY = YES_AGGRESSIVE;
				CLANG_WARN_UNREACHABLE_CODE = YES;
				CLANG_WARN__DUPLICATE_METHOD_MATCH = YES;
				COPY_PHASE_STRIP = NO;
				DEBUG_INFORMATION_FORMAT = "dwarf-with-dsym";
				ENABLE_NS_ASSERTIONS = NO;
				ENABLE_STRICT_OBJC_MSGSEND = YES;
				GCC_C_LANGUAGE_STANDARD = gnu11;
				GCC_NO_COMMON_BLOCKS = YES;
				GCC_WARN_64_TO_32_BIT_CONVERSION = YES;
				GCC_WARN_ABOUT_RETURN_TYPE = YES_ERROR;
				GCC_WARN_UNDECLARED_SELECTOR = YES;
				GCC_WARN_UNINITIALIZED_AUTOS = YES_AGGRESSIVE;
				GCC_WARN_UNUSED_FUNCTION = YES;
				GCC_WARN_UNUSED_VARIABLE = YES;
				IPHONEOS_DEPLOYMENT_TARGET = 15.0;
				MTL_ENABLE_DEBUG_INFO = NO;
				MTL_FAST_MATH = YES;
				SDKROOT = iphoneos;
				SWIFT_COMPILATION_MODE = wholemodule;
				SWIFT_OPTIMIZATION_LEVEL = "-O";
				VALIDATE_PRODUCT = YES;
			};
			name = Release;
		};
		A5F453B327B0299100A9DE00 /* Debug */ = {
			isa = XCBuildConfiguration;
			buildSettings = {
				ASSETCATALOG_COMPILER_APPICON_NAME = AppIcon;
				ASSETCATALOG_COMPILER_GLOBAL_ACCENT_COLOR_NAME = AccentColor;
				CODE_SIGN_STYLE = Automatic;
				CURRENT_PROJECT_VERSION = 1;
				GENERATE_INFOPLIST_FILE = YES;
				INFOPLIST_FILE = ContactList/SupportingFiles/Info.plist;
				INFOPLIST_KEY_UIApplicationSupportsIndirectInputEvents = YES;
				INFOPLIST_KEY_UILaunchStoryboardName = LaunchScreen;
				INFOPLIST_KEY_UISupportedInterfaceOrientations_iPad = "UIInterfaceOrientationPortrait UIInterfaceOrientationPortraitUpsideDown UIInterfaceOrientationLandscapeLeft UIInterfaceOrientationLandscapeRight";
				INFOPLIST_KEY_UISupportedInterfaceOrientations_iPhone = "UIInterfaceOrientationPortrait UIInterfaceOrientationLandscapeLeft UIInterfaceOrientationLandscapeRight";
				LD_RUNPATH_SEARCH_PATHS = (
					"$(inherited)",
					"@executable_path/Frameworks",
				);
				MARKETING_VERSION = 1.0;
				PRODUCT_BUNDLE_IDENTIFIER = Dan.ContactList;
				PRODUCT_NAME = "$(TARGET_NAME)";
				SWIFT_EMIT_LOC_STRINGS = YES;
				SWIFT_VERSION = 5.0;
				TARGETED_DEVICE_FAMILY = "1,2";
			};
			name = Debug;
		};
		A5F453B427B0299100A9DE00 /* Release */ = {
			isa = XCBuildConfiguration;
			buildSettings = {
				ASSETCATALOG_COMPILER_APPICON_NAME = AppIcon;
				ASSETCATALOG_COMPILER_GLOBAL_ACCENT_COLOR_NAME = AccentColor;
				CODE_SIGN_STYLE = Automatic;
				CURRENT_PROJECT_VERSION = 1;
				GENERATE_INFOPLIST_FILE = YES;
				INFOPLIST_FILE = ContactList/SupportingFiles/Info.plist;
				INFOPLIST_KEY_UIApplicationSupportsIndirectInputEvents = YES;
				INFOPLIST_KEY_UILaunchStoryboardName = LaunchScreen;
				INFOPLIST_KEY_UISupportedInterfaceOrientations_iPad = "UIInterfaceOrientationPortrait UIInterfaceOrientationPortraitUpsideDown UIInterfaceOrientationLandscapeLeft UIInterfaceOrientationLandscapeRight";
				INFOPLIST_KEY_UISupportedInterfaceOrientations_iPhone = "UIInterfaceOrientationPortrait UIInterfaceOrientationLandscapeLeft UIInterfaceOrientationLandscapeRight";
				LD_RUNPATH_SEARCH_PATHS = (
					"$(inherited)",
					"@executable_path/Frameworks",
				);
				MARKETING_VERSION = 1.0;
				PRODUCT_BUNDLE_IDENTIFIER = Dan.ContactList;
				PRODUCT_NAME = "$(TARGET_NAME)";
				SWIFT_EMIT_LOC_STRINGS = YES;
				SWIFT_VERSION = 5.0;
				TARGETED_DEVICE_FAMILY = "1,2";
			};
			name = Release;
		};
/* End XCBuildConfiguration section */

/* Begin XCConfigurationList section */
		A5F4539927B0298E00A9DE00 /* Build configuration list for PBXProject "ContactList" */ = {
			isa = XCConfigurationList;
			buildConfigurations = (
				A5F453B027B0299100A9DE00 /* Debug */,
				A5F453B127B0299100A9DE00 /* Release */,
			);
			defaultConfigurationIsVisible = 0;
			defaultConfigurationName = Release;
		};
		A5F453B227B0299100A9DE00 /* Build configuration list for PBXNativeTarget "ContactList" */ = {
			isa = XCConfigurationList;
			buildConfigurations = (
				A5F453B327B0299100A9DE00 /* Debug */,
				A5F453B427B0299100A9DE00 /* Release */,
			);
			defaultConfigurationIsVisible = 0;
			defaultConfigurationName = Release;
		};
/* End XCConfigurationList section */
	};
	rootObject = A5F4539627B0298E00A9DE00 /* Project object */;
}
